
Microsoft Visual Studio Solution File, Format Version 12.00
# Visual Studio Version 17
VisualStudioVersion = 17.10.35122.118
MinimumVisualStudioVersion = 10.0.40219.1
Project("{FAE04EC0-301F-11D3-BF4B-00C04F79EFBC}") = "Simple Text Editer", "Simple Text Editer\Simple Text Editer.csproj", "{8C8F0CA0-0C52-4794-BDF5-523248862F49}"
EndProject
Global
	GlobalSection(SolutionConfigurationPlatforms) = preSolution
		Debug|Any CPU = Debug|Any CPU
		Release|Any CPU = Release|Any CPU
	EndGlobalSection
	GlobalSection(ProjectConfigurationPlatforms) = postSolution
		{8C8F0CA0-0C52-4794-BDF5-523248862F49}.Debug|Any CPU.ActiveCfg = Debug|Any CPU
		{8C8F0CA0-0C52-4794-BDF5-523248862F49}.Debug|Any CPU.Build.0 = Debug|Any CPU
		{8C8F0CA0-0C52-4794-BDF5-523248862F49}.Release|Any CPU.ActiveCfg = Release|Any CPU
		{8C8F0CA0-0C52-4794-BDF5-523248862F49}.Release|Any CPU.Build.0 = Release|Any CPU
	EndGlobalSection
	GlobalSection(SolutionProperties) = preSolution
		HideSolutionNode = FALSE
	EndGlobalSection
	GlobalSection(ExtensibilityGlobals) = postSolution
		SolutionGuid = {65A29377-DC95-4DF4-B8C4-722E43C959A5}
	EndGlobalSection
EndGlobal
