
Microsoft Visual Studio Solution File, Format Version 12.00
# Visual Studio Version 17
VisualStudioVersion = 17.10.35122.118
MinimumVisualStudioVersion = 10.0.40219.1
Project("{FAE04EC0-301F-11D3-BF4B-00C04F79EFBC}") = "Tic Tac Toe", "Tic Tac Toe\Tic Tac Toe.csproj", "{8F82CEBC-C1BB-4BDA-882F-A74EF23CB806}"
EndProject
Global
	GlobalSection(SolutionConfigurationPlatforms) = preSolution
		Debug|Any CPU = Debug|Any CPU
		Release|Any CPU = Release|Any CPU
	EndGlobalSection
	GlobalSection(ProjectConfigurationPlatforms) = postSolution
		{8F82CEBC-C1BB-4BDA-882F-A74EF23CB806}.Debug|Any CPU.ActiveCfg = Debug|Any CPU
		{8F82CEBC-C1BB-4BDA-882F-A74EF23CB806}.Debug|Any CPU.Build.0 = Debug|Any CPU
		{8F82CEBC-C1BB-4BDA-882F-A74EF23CB806}.Release|Any CPU.ActiveCfg = Release|Any CPU
		{8F82CEBC-C1BB-4BDA-882F-A74EF23CB806}.Release|Any CPU.Build.0 = Release|Any CPU
	EndGlobalSection
	GlobalSection(SolutionProperties) = preSolution
		HideSolutionNode = FALSE
	EndGlobalSection
	GlobalSection(ExtensibilityGlobals) = postSolution
		SolutionGuid = {E687D9C5-4292-40B7-B5F5-3F6F15368008}
	EndGlobalSection
EndGlobal
