
Microsoft Visual Studio Solution File, Format Version 12.00
# Visual Studio Version 17
VisualStudioVersion = 17.10.35122.118
MinimumVisualStudioVersion = 10.0.40219.1
Project("{FAE04EC0-301F-11D3-BF4B-00C04F79EFBC}") = "Hangman Game", "Hangman Game\Hangman Game.csproj", "{6F87C195-B0BE-431A-A82A-AA06F932B2B2}"
EndProject
Global
	GlobalSection(SolutionConfigurationPlatforms) = preSolution
		Debug|Any CPU = Debug|Any CPU
		Release|Any CPU = Release|Any CPU
	EndGlobalSection
	GlobalSection(ProjectConfigurationPlatforms) = postSolution
		{6F87C195-B0BE-431A-A82A-AA06F932B2B2}.Debug|Any CPU.ActiveCfg = Debug|Any CPU
		{6F87C195-B0BE-431A-A82A-AA06F932B2B2}.Debug|Any CPU.Build.0 = Debug|Any CPU
		{6F87C195-B0BE-431A-A82A-AA06F932B2B2}.Release|Any CPU.ActiveCfg = Release|Any CPU
		{6F87C195-B0BE-431A-A82A-AA06F932B2B2}.Release|Any CPU.Build.0 = Release|Any CPU
	EndGlobalSection
	GlobalSection(SolutionProperties) = preSolution
		HideSolutionNode = FALSE
	EndGlobalSection
	GlobalSection(ExtensibilityGlobals) = postSolution
		SolutionGuid = {335BD72F-9959-4BE5-B624-4B068965AC04}
	EndGlobalSection
EndGlobal
